
Microsoft Visual Studio Solution File, Format Version 12.00
# Visual Studio 15
VisualStudioVersion = 15.0.27703.2000
MinimumVisualStudioVersion = 10.0.40219.1
Project("{FAE04EC0-301F-11D3-BF4B-00C04F79EFBC}") = "MonteCarlo Method - Cade Dillon", "MonteCarlo Method - Cade Dillon\MonteCarlo Method - Cade Dillon.csproj", "{2B7B3CDD-0CC3-4AB1-BCFF-2031DCA1EB65}"
EndProject
Global
	GlobalSection(SolutionConfigurationPlatforms) = preSolution
		Debug|Any CPU = Debug|Any CPU
		Release|Any CPU = Release|Any CPU
	EndGlobalSection
	GlobalSection(ProjectConfigurationPlatforms) = postSolution
		{2B7B3CDD-0CC3-4AB1-BCFF-2031DCA1EB65}.Debug|Any CPU.ActiveCfg = Debug|Any CPU
		{2B7B3CDD-0CC3-4AB1-BCFF-2031DCA1EB65}.Debug|Any CPU.Build.0 = Debug|Any CPU
		{2B7B3CDD-0CC3-4AB1-BCFF-2031DCA1EB65}.Release|Any CPU.ActiveCfg = Release|Any CPU
		{2B7B3CDD-0CC3-4AB1-BCFF-2031DCA1EB65}.Release|Any CPU.Build.0 = Release|Any CPU
	EndGlobalSection
	GlobalSection(SolutionProperties) = preSolution
		HideSolutionNode = FALSE
	EndGlobalSection
	GlobalSection(ExtensibilityGlobals) = postSolution
		SolutionGuid = {749ABFB5-4317-457B-947F-77763D5914A0}
	EndGlobalSection
EndGlobal
